
Microsoft Visual Studio Solution File, Format Version 12.00
# Visual Studio 2013
VisualStudioVersion = 12.0.31101.0
MinimumVisualStudioVersion = 10.0.40219.1
Project("{FAE04EC0-301F-11D3-BF4B-00C04F79EFBC}") = "DigitimateSharp", "DigitimateSharp\DigitimateSharp.csproj", "{99D73D75-7E7B-441F-901B-354FBDBC75E0}"
EndProject
Project("{FAE04EC0-301F-11D3-BF4B-00C04F79EFBC}") = "DigitimateSharp_Tests", "DigitimateSharp_Tests\DigitimateSharp_Tests.csproj", "{72975FCF-BC93-43EC-A529-CCE85CA8985D}"
EndProject
Global
	GlobalSection(SolutionConfigurationPlatforms) = preSolution
		Debug|Any CPU = Debug|Any CPU
		Release|Any CPU = Release|Any CPU
	EndGlobalSection
	GlobalSection(ProjectConfigurationPlatforms) = postSolution
		{99D73D75-7E7B-441F-901B-354FBDBC75E0}.Debug|Any CPU.ActiveCfg = Debug|Any CPU
		{99D73D75-7E7B-441F-901B-354FBDBC75E0}.Debug|Any CPU.Build.0 = Debug|Any CPU
		{99D73D75-7E7B-441F-901B-354FBDBC75E0}.Release|Any CPU.ActiveCfg = Release|Any CPU
		{99D73D75-7E7B-441F-901B-354FBDBC75E0}.Release|Any CPU.Build.0 = Release|Any CPU
		{72975FCF-BC93-43EC-A529-CCE85CA8985D}.Debug|Any CPU.ActiveCfg = Debug|Any CPU
		{72975FCF-BC93-43EC-A529-CCE85CA8985D}.Debug|Any CPU.Build.0 = Debug|Any CPU
		{72975FCF-BC93-43EC-A529-CCE85CA8985D}.Release|Any CPU.ActiveCfg = Release|Any CPU
		{72975FCF-BC93-43EC-A529-CCE85CA8985D}.Release|Any CPU.Build.0 = Release|Any CPU
	EndGlobalSection
	GlobalSection(SolutionProperties) = preSolution
		HideSolutionNode = FALSE
	EndGlobalSection
EndGlobal
